// !$*UTF8*$!
{
	archiveVersion = 1;
	classes = {
	};
	objectVersion = 46;
	objects = {

/* Begin PBXBuildFile section */
		556115BA1C8A4685009EC13F /* AppDelegate.swift in Sources */ = {isa = PBXBuildFile; fileRef = 556115B91C8A4685009EC13F /* AppDelegate.swift */; };
		556115BC1C8A4685009EC13F /* ViewController.swift in Sources */ = {isa = PBXBuildFile; fileRef = 556115BB1C8A4685009EC13F /* ViewController.swift */; };
		556115BF1C8A4685009EC13F /* Main.storyboard in Resources */ = {isa = PBXBuildFile; fileRef = 556115BD1C8A4685009EC13F /* Main.storyboard */; };
		556115C11C8A4685009EC13F /* Assets.xcassets in Resources */ = {isa = PBXBuildFile; fileRef = 556115C01C8A4685009EC13F /* Assets.xcassets */; };
		556115C41C8A4685009EC13F /* LaunchScreen.storyboard in Resources */ = {isa = PBXBuildFile; fileRef = 556115C21C8A4685009EC13F /* LaunchScreen.storyboard */; };
		556115CF1C8A4685009EC13F /* RecorderTests.swift in Sources */ = {isa = PBXBuildFile; fileRef = 556115CE1C8A4685009EC13F /* RecorderTests.swift */; };
		556115DA1C8A4685009EC13F /* RecorderUITests.swift in Sources */ = {isa = PBXBuildFile; fileRef = 556115D91C8A4685009EC13F /* RecorderUITests.swift */; };
		556115E81C8A46B4009EC13F /* JKAudioRecordController.swift in Sources */ = {isa = PBXBuildFile; fileRef = 556115E71C8A46B4009EC13F /* JKAudioRecordController.swift */; };
/* End PBXBuildFile section */

/* Begin PBXContainerItemProxy section */
		556115CB1C8A4685009EC13F /* PBXContainerItemProxy */ = {
			isa = PBXContainerItemProxy;
			containerPortal = 556115AE1C8A4685009EC13F /* Project object */;
			proxyType = 1;
			remoteGlobalIDString = 556115B51C8A4685009EC13F;
			remoteInfo = Recorder;
		};
		556115D61C8A4685009EC13F /* PBXContainerItemProxy */ = {
			isa = PBXContainerItemProxy;
			containerPortal = 556115AE1C8A4685009EC13F /* Project object */;
			proxyType = 1;
			remoteGlobalIDString = 556115B51C8A4685009EC13F;
			remoteInfo = Recorder;
		};
/* End PBXContainerItemProxy section */

/* Begin PBXFileReference section */
		556115B61C8A4685009EC13F /* Recorder.app */ = {isa = PBXFileReference; explicitFileType = wrapper.application; includeInIndex = 0; path = Recorder.app; sourceTree = BUILT_PRODUCTS_DIR; };
		556115B91C8A4685009EC13F /* AppDelegate.swift */ = {isa = PBXFileReference; lastKnownFileType = sourcecode.swift; path = AppDelegate.swift; sourceTree = "<group>"; };
		556115BB1C8A4685009EC13F /* ViewController.swift */ = {isa = PBXFileReference; lastKnownFileType = sourcecode.swift; path = ViewController.swift; sourceTree = "<group>"; };
		556115BE1C8A4685009EC13F /* Base */ = {isa = PBXFileReference; lastKnownFileType = file.storyboard; name = Base; path = Base.lproj/Main.storyboard; sourceTree = "<group>"; };
		556115C01C8A4685009EC13F /* Assets.xcassets */ = {isa = PBXFileReference; lastKnownFileType = folder.assetcatalog; path = Assets.xcassets; sourceTree = "<group>"; };
		556115C31C8A4685009EC13F /* Base */ = {isa = PBXFileReference; lastKnownFileType = file.storyboard; name = Base; path = Base.lproj/LaunchScreen.storyboard; sourceTree = "<group>"; };
		556115C51C8A4685009EC13F /* Info.plist */ = {isa = PBXFileReference; lastKnownFileType = text.plist.xml; path = Info.plist; sourceTree = "<group>"; };
		556115CA1C8A4685009EC13F /* RecorderTests.xctest */ = {isa = PBXFileReference; explicitFileType = wrapper.cfbundle; includeInIndex = 0; path = RecorderTests.xctest; sourceTree = BUILT_PRODUCTS_DIR; };
		556115CE1C8A4685009EC13F /* RecorderTests.swift */ = {isa = PBXFileReference; lastKnownFileType = sourcecode.swift; path = RecorderTests.swift; sourceTree = "<group>"; };
		556115D01C8A4685009EC13F /* Info.plist */ = {isa = PBXFileReference; lastKnownFileType = text.plist.xml; path = Info.plist; sourceTree = "<group>"; };
		556115D51C8A4685009EC13F /* RecorderUITests.xctest */ = {isa = PBXFileReference; explicitFileType = wrapper.cfbundle; includeInIndex = 0; path = RecorderUITests.xctest; sourceTree = BUILT_PRODUCTS_DIR; };
		556115D91C8A4685009EC13F /* RecorderUITests.swift */ = {isa = PBXFileReference; lastKnownFileType = sourcecode.swift; path = RecorderUITests.swift; sourceTree = "<group>"; };
		556115DB1C8A4685009EC13F /* Info.plist */ = {isa = PBXFileReference; lastKnownFileType = text.plist.xml; path = Info.plist; sourceTree = "<group>"; };
		556115E71C8A46B4009EC13F /* JKAudioRecordController.swift */ = {isa = PBXFileReference; fileEncoding = 4; lastKnownFileType = sourcecode.swift; path = JKAudioRecordController.swift; sourceTree = "<group>"; };
/* End PBXFileReference section */

/* Begin PBXFrameworksBuildPhase section */
		556115B31C8A4685009EC13F /* Frameworks */ = {
			isa = PBXFrameworksBuildPhase;
			buildActionMask = 2147483647;
			files = (
			);
			runOnlyForDeploymentPostprocessing = 0;
		};
		556115C71C8A4685009EC13F /* Frameworks */ = {
			isa = PBXFrameworksBuildPhase;
			buildActionMask = 2147483647;
			files = (
			);
			runOnlyForDeploymentPostprocessing = 0;
		};
		556115D21C8A4685009EC13F /* Frameworks */ = {
			isa = PBXFrameworksBuildPhase;
			buildActionMask = 2147483647;
			files = (
			);
			runOnlyForDeploymentPostprocessing = 0;
		};
/* End PBXFrameworksBuildPhase section */

/* Begin PBXGroup section */
		556115AD1C8A4685009EC13F = {
			isa = PBXGroup;
			children = (
				556115B81C8A4685009EC13F /* Recorder */,
				556115CD1C8A4685009EC13F /* RecorderTests */,
				556115D81C8A4685009EC13F /* RecorderUITests */,
				556115B71C8A4685009EC13F /* Products */,
			);
			sourceTree = "<group>";
		};
		556115B71C8A4685009EC13F /* Products */ = {
			isa = PBXGroup;
			children = (
				556115B61C8A4685009EC13F /* Recorder.app */,
				556115CA1C8A4685009EC13F /* RecorderTests.xctest */,
				556115D51C8A4685009EC13F /* RecorderUITests.xctest */,
			);
			name = Products;
			sourceTree = "<group>";
		};
		556115B81C8A4685009EC13F /* Recorder */ = {
			isa = PBXGroup;
			children = (
				556115B91C8A4685009EC13F /* AppDelegate.swift */,
				556115BB1C8A4685009EC13F /* ViewController.swift */,
				556115BD1C8A4685009EC13F /* Main.storyboard */,
				556115C01C8A4685009EC13F /* Assets.xcassets */,
				556115C21C8A4685009EC13F /* LaunchScreen.storyboard */,
				556115C51C8A4685009EC13F /* Info.plist */,
				556115E71C8A46B4009EC13F /* JKAudioRecordController.swift */,
			);
			path = Recorder;
			sourceTree = "<group>";
		};
		556115CD1C8A4685009EC13F /* RecorderTests */ = {
			isa = PBXGroup;
			children = (
				556115CE1C8A4685009EC13F /* RecorderTests.swift */,
				556115D01C8A4685009EC13F /* Info.plist */,
			);
			path = RecorderTests;
			sourceTree = "<group>";
		};
		556115D81C8A4685009EC13F /* RecorderUITests */ = {
			isa = PBXGroup;
			children = (
				556115D91C8A4685009EC13F /* RecorderUITests.swift */,
				556115DB1C8A4685009EC13F /* Info.plist */,
			);
			path = RecorderUITests;
			sourceTree = "<group>";
		};
/* End PBXGroup section */

/* Begin PBXNativeTarget section */
		556115B51C8A4685009EC13F /* Recorder */ = {
			isa = PBXNativeTarget;
			buildConfigurationList = 556115DE1C8A4685009EC13F /* Build configuration list for PBXNativeTarget "Recorder" */;
			buildPhases = (
				556115B21C8A4685009EC13F /* Sources */,
				556115B31C8A4685009EC13F /* Frameworks */,
				556115B41C8A4685009EC13F /* Resources */,
			);
			buildRules = (
			);
			dependencies = (
			);
			name = Recorder;
			productName = Recorder;
			productReference = 556115B61C8A4685009EC13F /* Recorder.app */;
			productType = "com.apple.product-type.application";
		};
		556115C91C8A4685009EC13F /* RecorderTests */ = {
			isa = PBXNativeTarget;
			buildConfigurationList = 556115E11C8A4685009EC13F /* Build configuration list for PBXNativeTarget "RecorderTests" */;
			buildPhases = (
				556115C61C8A4685009EC13F /* Sources */,
				556115C71C8A4685009EC13F /* Frameworks */,
				556115C81C8A4685009EC13F /* Resources */,
			);
			buildRules = (
			);
			dependencies = (
				556115CC1C8A4685009EC13F /* PBXTargetDependency */,
			);
			name = RecorderTests;
			productName = RecorderTests;
			productReference = 556115CA1C8A4685009EC13F /* RecorderTests.xctest */;
			productType = "com.apple.product-type.bundle.unit-test";
		};
		556115D41C8A4685009EC13F /* RecorderUITests */ = {
			isa = PBXNativeTarget;
			buildConfigurationList = 556115E41C8A4685009EC13F /* Build configuration list for PBXNativeTarget "RecorderUITests" */;
			buildPhases = (
				556115D11C8A4685009EC13F /* Sources */,
				556115D21C8A4685009EC13F /* Frameworks */,
				556115D31C8A4685009EC13F /* Resources */,
			);
			buildRules = (
			);
			dependencies = (
				556115D71C8A4685009EC13F /* PBXTargetDependency */,
			);
			name = RecorderUITests;
			productName = RecorderUITests;
			productReference = 556115D51C8A4685009EC13F /* RecorderUITests.xctest */;
			productType = "com.apple.product-type.bundle.ui-testing";
		};
/* End PBXNativeTarget section */

/* Begin PBXProject section */
		556115AE1C8A4685009EC13F /* Project object */ = {
			isa = PBXProject;
			attributes = {
				LastSwiftUpdateCheck = 0720;
				LastUpgradeCheck = 0720;
				ORGANIZATIONNAME = "JOSEPH KERR";
				TargetAttributes = {
					556115B51C8A4685009EC13F = {
						CreatedOnToolsVersion = 7.2.1;
					};
					556115C91C8A4685009EC13F = {
						CreatedOnToolsVersion = 7.2.1;
						TestTargetID = 556115B51C8A4685009EC13F;
					};
					556115D41C8A4685009EC13F = {
						CreatedOnToolsVersion = 7.2.1;
						TestTargetID = 556115B51C8A4685009EC13F;
					};
				};
			};
			buildConfigurationList = 556115B11C8A4685009EC13F /* Build configuration list for PBXProject "Recorder" */;
			compatibilityVersion = "Xcode 3.2";
			developmentRegion = English;
			hasScannedForEncodings = 0;
			knownRegions = (
				en,
				Base,
			);
			mainGroup = 556115AD1C8A4685009EC13F;
			productRefGroup = 556115B71C8A4685009EC13F /* Products */;
			projectDirPath = "";
			projectRoot = "";
			targets = (
				556115B51C8A4685009EC13F /* Recorder */,
				556115C91C8A4685009EC13F /* RecorderTests */,
				556115D41C8A4685009EC13F /* RecorderUITests */,
			);
		};
/* End PBXProject section */

/* Begin PBXResourcesBuildPhase section */
		556115B41C8A4685009EC13F /* Resources */ = {
			isa = PBXResourcesBuildPhase;
			buildActionMask = 2147483647;
			files = (
				556115C41C8A4685009EC13F /* LaunchScreen.storyboard in Resources */,
				556115C11C8A4685009EC13F /* Assets.xcassets in Resources */,
				556115BF1C8A4685009EC13F /* Main.storyboard in Resources */,
			);
			runOnlyForDeploymentPostprocessing = 0;
		};
		556115C81C8A4685009EC13F /* Resources */ = {
			isa = PBXResourcesBuildPhase;
			buildActionMask = 2147483647;
			files = (
			);
			runOnlyForDeploymentPostprocessing = 0;
		};
		556115D31C8A4685009EC13F /* Resources */ = {
			isa = PBXResourcesBuildPhase;
			buildActionMask = 2147483647;
			files = (
			);
			runOnlyForDeploymentPostprocessing = 0;
		};
/* End PBXResourcesBuildPhase section */

/* Begin PBXSourcesBuildPhase section */
		556115B21C8A4685009EC13F /* Sources */ = {
			isa = PBXSourcesBuildPhase;
			buildActionMask = 2147483647;
			files = (
				556115E81C8A46B4009EC13F /* JKAudioRecordController.swift in Sources */,
				556115BC1C8A4685009EC13F /* ViewController.swift in Sources */,
				556115BA1C8A4685009EC13F /* AppDelegate.swift in Sources */,
			);
			runOnlyForDeploymentPostprocessing = 0;
		};
		556115C61C8A4685009EC13F /* Sources */ = {
			isa = PBXSourcesBuildPhase;
			buildActionMask = 2147483647;
			files = (
				556115CF1C8A4685009EC13F /* RecorderTests.swift in Sources */,
			);
			runOnlyForDeploymentPostprocessing = 0;
		};
		556115D11C8A4685009EC13F /* Sources */ = {
			isa = PBXSourcesBuildPhase;
			buildActionMask = 2147483647;
			files = (
				556115DA1C8A4685009EC13F /* RecorderUITests.swift in Sources */,
			);
			runOnlyForDeploymentPostprocessing = 0;
		};
/* End PBXSourcesBuildPhase section */

/* Begin PBXTargetDependency section */
		556115CC1C8A4685009EC13F /* PBXTargetDependency */ = {
			isa = PBXTargetDependency;
			target = 556115B51C8A4685009EC13F /* Recorder */;
			targetProxy = 556115CB1C8A4685009EC13F /* PBXContainerItemProxy */;
		};
		556115D71C8A4685009EC13F /* PBXTargetDependency */ = {
			isa = PBXTargetDependency;
			target = 556115B51C8A4685009EC13F /* Recorder */;
			targetProxy = 556115D61C8A4685009EC13F /* PBXContainerItemProxy */;
		};
/* End PBXTargetDependency section */

/* Begin PBXVariantGroup section */
		556115BD1C8A4685009EC13F /* Main.storyboard */ = {
			isa = PBXVariantGroup;
			children = (
				556115BE1C8A4685009EC13F /* Base */,
			);
			name = Main.storyboard;
			sourceTree = "<group>";
		};
		556115C21C8A4685009EC13F /* LaunchScreen.storyboard */ = {
			isa = PBXVariantGroup;
			children = (
				556115C31C8A4685009EC13F /* Base */,
			);
			name = LaunchScreen.storyboard;
			sourceTree = "<group>";
		};
/* End PBXVariantGroup section */

/* Begin XCBuildConfiguration section */
		556115DC1C8A4685009EC13F /* Debug */ = {
			isa = XCBuildConfiguration;
			buildSettings = {
				ALWAYS_SEARCH_USER_PATHS = NO;
				CLANG_CXX_LANGUAGE_STANDARD = "gnu++0x";
				CLANG_CXX_LIBRARY = "libc++";
				CLANG_ENABLE_MODULES = YES;
				CLANG_ENABLE_OBJC_ARC = YES;
				CLANG_WARN_BOOL_CONVERSION = YES;
				CLANG_WARN_CONSTANT_CONVERSION = YES;
				CLANG_WARN_DIRECT_OBJC_ISA_USAGE = YES_ERROR;
				CLANG_WARN_EMPTY_BODY = YES;
				CLANG_WARN_ENUM_CONVERSION = YES;
				CLANG_WARN_INT_CONVERSION = YES;
				CLANG_WARN_OBJC_ROOT_CLASS = YES_ERROR;
				CLANG_WARN_UNREACHABLE_CODE = YES;
				CLANG_WARN__DUPLICATE_METHOD_MATCH = YES;
				"CODE_SIGN_IDENTITY[sdk=iphoneos*]" = "iPhone Developer";
				COPY_PHASE_STRIP = NO;
				DEBUG_INFORMATION_FORMAT = dwarf;
				ENABLE_STRICT_OBJC_MSGSEND = YES;
				ENABLE_TESTABILITY = YES;
				GCC_C_LANGUAGE_STANDARD = gnu99;
				GCC_DYNAMIC_NO_PIC = NO;
				GCC_NO_COMMON_BLOCKS = YES;
				GCC_OPTIMIZATION_LEVEL = 0;
				GCC_PREPROCESSOR_DEFINITIONS = (
					"DEBUG=1",
					"$(inherited)",
				);
				GCC_WARN_64_TO_32_BIT_CONVERSION = YES;
				GCC_WARN_ABOUT_RETURN_TYPE = YES_ERROR;
				GCC_WARN_UNDECLARED_SELECTOR = YES;
				GCC_WARN_UNINITIALIZED_AUTOS = YES_AGGRESSIVE;
				GCC_WARN_UNUSED_FUNCTION = YES;
				GCC_WARN_UNUSED_VARIABLE = YES;
				IPHONEOS_DEPLOYMENT_TARGET = 9.2;
				MTL_ENABLE_DEBUG_INFO = YES;
				ONLY_ACTIVE_ARCH = YES;
				SDKROOT = iphoneos;
				SWIFT_OPTIMIZATION_LEVEL = "-Onone";
				TARGETED_DEVICE_FAMILY = "1,2";
			};
			name = Debug;
		};
		556115DD1C8A4685009EC13F /* Release */ = {
			isa = XCBuildConfiguration;
			buildSettings = {
				ALWAYS_SEARCH_USER_PATHS = NO;
				CLANG_CXX_LANGUAGE_STANDARD = "gnu++0x";
				CLANG_CXX_LIBRARY = "libc++";
				CLANG_ENABLE_MODULES = YES;
				CLANG_ENABLE_OBJC_ARC = YES;
				CLANG_WARN_BOOL_CONVERSION = YES;
				CLANG_WARN_CONSTANT_CONVERSION = YES;
				CLANG_WARN_DIRECT_OBJC_ISA_USAGE = YES_ERROR;
				CLANG_WARN_EMPTY_BODY = YES;
				CLANG_WARN_ENUM_CONVERSION = YES;
				CLANG_WARN_INT_CONVERSION = YES;
				CLANG_WARN_OBJC_ROOT_CLASS = YES_ERROR;
				CLANG_WARN_UNREACHABLE_CODE = YES;
				CLANG_WARN__DUPLICATE_METHOD_MATCH = YES;
				"CODE_SIGN_IDENTITY[sdk=iphoneos*]" = "iPhone Developer";
				COPY_PHASE_STRIP = NO;
				DEBUG_INFORMATION_FORMAT = "dwarf-with-dsym";
				ENABLE_NS_ASSERTIONS = NO;
				ENABLE_STRICT_OBJC_MSGSEND = YES;
				GCC_C_LANGUAGE_STANDARD = gnu99;
				GCC_NO_COMMON_BLOCKS = YES;
				GCC_WARN_64_TO_32_BIT_CONVERSION = YES;
				GCC_WARN_ABOUT_RETURN_TYPE = YES_ERROR;
				GCC_WARN_UNDECLARED_SELECTOR = YES;
				GCC_WARN_UNINITIALIZED_AUTOS = YES_AGGRESSIVE;
				GCC_WARN_UNUSED_FUNCTION = YES;
				GCC_WARN_UNUSED_VARIABLE = YES;
				IPHONEOS_DEPLOYMENT_TARGET = 9.2;
				MTL_ENABLE_DEBUG_INFO = NO;
				SDKROOT = iphoneos;
				TARGETED_DEVICE_FAMILY = "1,2";
				VALIDATE_PRODUCT = YES;
			};
			name = Release;
		};
		556115DF1C8A4685009EC13F /* Debug */ = {
			isa = XCBuildConfiguration;
			buildSettings = {
				ASSETCATALOG_COMPILER_APPICON_NAME = AppIcon;
				INFOPLIST_FILE = Recorder/Info.plist;
				LD_RUNPATH_SEARCH_PATHS = "$(inherited) @executable_path/Frameworks";
				PRODUCT_BUNDLE_IDENTIFIER = joker.Recorder;
				PRODUCT_NAME = "$(TARGET_NAME)";
			};
			name = Debug;
		};
		556115E01C8A4685009EC13F /* Release */ = {
			isa = XCBuildConfiguration;
			buildSettings = {
				ASSETCATALOG_COMPILER_APPICON_NAME = AppIcon;
				INFOPLIST_FILE = Recorder/Info.plist;
				LD_RUNPATH_SEARCH_PATHS = "$(inherited) @executable_path/Frameworks";
				PRODUCT_BUNDLE_IDENTIFIER = joker.Recorder;
				PRODUCT_NAME = "$(TARGET_NAME)";
			};
			name = Release;
		};
		556115E21C8A4685009EC13F /* Debug */ = {
			isa = XCBuildConfiguration;
			buildSettings = {
				BUNDLE_LOADER = "$(TEST_HOST)";
				INFOPLIST_FILE = RecorderTests/Info.plist;
				LD_RUNPATH_SEARCH_PATHS = "$(inherited) @executable_path/Frameworks @loader_path/Frameworks";
				PRODUCT_BUNDLE_IDENTIFIER = joker.RecorderTests;
				PRODUCT_NAME = "$(TARGET_NAME)";
				TEST_HOST = "$(BUILT_PRODUCTS_DIR)/Recorder.app/Recorder";
			};
			name = Debug;
		};
		556115E31C8A4685009EC13F /* Release */ = {
			isa = XCBuildConfiguration;
			buildSettings = {
				BUNDLE_LOADER = "$(TEST_HOST)";
				INFOPLIST_FILE = RecorderTests/Info.plist;
				LD_RUNPATH_SEARCH_PATHS = "$(inherited) @executable_path/Frameworks @loader_path/Frameworks";
				PRODUCT_BUNDLE_IDENTIFIER = joker.RecorderTests;
				PRODUCT_NAME = "$(TARGET_NAME)";
				TEST_HOST = "$(BUILT_PRODUCTS_DIR)/Recorder.app/Recorder";
			};
			name = Release;
		};
		556115E51C8A4685009EC13F /* Debug */ = {
			isa = XCBuildConfiguration;
			buildSettings = {
				INFOPLIST_FILE = RecorderUITests/Info.plist;
				LD_RUNPATH_SEARCH_PATHS = "$(inherited) @executable_path/Frameworks @loader_path/Frameworks";
				PRODUCT_BUNDLE_IDENTIFIER = joker.RecorderUITests;
				PRODUCT_NAME = "$(TARGET_NAME)";
				TEST_TARGET_NAME = Recorder;
				USES_XCTRUNNER = YES;
			};
			name = Debug;
		};
		556115E61C8A4685009EC13F /* Release */ = {
			isa = XCBuildConfiguration;
			buildSettings = {
				INFOPLIST_FILE = RecorderUITests/Info.plist;
				LD_RUNPATH_SEARCH_PATHS = "$(inherited) @executable_path/Frameworks @loader_path/Frameworks";
				PRODUCT_BUNDLE_IDENTIFIER = joker.RecorderUITests;
				PRODUCT_NAME = "$(TARGET_NAME)";
				TEST_TARGET_NAME = Recorder;
				USES_XCTRUNNER = YES;
			};
			name = Release;
		};
/* End XCBuildConfiguration section */

/* Begin XCConfigurationList section */
		556115B11C8A4685009EC13F /* Build configuration list for PBXProject "Recorder" */ = {
			isa = XCConfigurationList;
			buildConfigurations = (
				556115DC1C8A4685009EC13F /* Debug */,
				556115DD1C8A4685009EC13F /* Release */,
			);
			defaultConfigurationIsVisible = 0;
			defaultConfigurationName = Release;
		};
		556115DE1C8A4685009EC13F /* Build configuration list for PBXNativeTarget "Recorder" */ = {
			isa = XCConfigurationList;
			buildConfigurations = (
				556115DF1C8A4685009EC13F /* Debug */,
				556115E01C8A4685009EC13F /* Release */,
			);
			defaultConfigurationIsVisible = 0;
		};
		556115E11C8A4685009EC13F /* Build configuration list for PBXNativeTarget "RecorderTests" */ = {
			isa = XCConfigurationList;
			buildConfigurations = (
				556115E21C8A4685009EC13F /* Debug */,
				556115E31C8A4685009EC13F /* Release */,
			);
			defaultConfigurationIsVisible = 0;
		};
		556115E41C8A4685009EC13F /* Build configuration list for PBXNativeTarget "RecorderUITests" */ = {
			isa = XCConfigurationList;
			buildConfigurations = (
				556115E51C8A4685009EC13F /* Debug */,
				556115E61C8A4685009EC13F /* Release */,
			);
			defaultConfigurationIsVisible = 0;
		};
/* End XCConfigurationList section */
	};
	rootObject = 556115AE1C8A4685009EC13F /* Project object */;
}
